
Microsoft Visual Studio Solution File, Format Version 12.00
# Visual Studio Version 16
VisualStudioVersion = 16.0.30804.86
MinimumVisualStudioVersion = 10.0.40219.1
Project("{FAE04EC0-301F-11D3-BF4B-00C04F79EFBC}") = "ChanhThuStore", "ChanhThuStore.csproj", "{32BB4E02-5F36-4F38-9415-CF1355C60F18}"
EndProject
Global
	GlobalSection(SolutionConfigurationPlatforms) = preSolution
		Debug|Any CPU = Debug|Any CPU
		Release|Any CPU = Release|Any CPU
	EndGlobalSection
	GlobalSection(ProjectConfigurationPlatforms) = postSolution
		{32BB4E02-5F36-4F38-9415-CF1355C60F18}.Debug|Any CPU.ActiveCfg = Debug|Any CPU
		{32BB4E02-5F36-4F38-9415-CF1355C60F18}.Debug|Any CPU.Build.0 = Debug|Any CPU
		{32BB4E02-5F36-4F38-9415-CF1355C60F18}.Release|Any CPU.ActiveCfg = Release|Any CPU
		{32BB4E02-5F36-4F38-9415-CF1355C60F18}.Release|Any CPU.Build.0 = Release|Any CPU
	EndGlobalSection
	GlobalSection(SolutionProperties) = preSolution
		HideSolutionNode = FALSE
	EndGlobalSection
	GlobalSection(ExtensibilityGlobals) = postSolution
		SolutionGuid = {F2806D51-1633-4240-A80E-5A01F3125211}
	EndGlobalSection
EndGlobal
